
Microsoft Visual Studio Solution File, Format Version 12.00
# Visual Studio Version 16
VisualStudioVersion = 16.0.30523.141
MinimumVisualStudioVersion = 10.0.40219.1
Project("{FAE04EC0-301F-11D3-BF4B-00C04F79EFBC}") = "AracKiralama", "AracKiralama.csproj", "{A609C8EF-66AE-4210-850B-AAAD0888B81C}"
EndProject
Global
	GlobalSection(SolutionConfigurationPlatforms) = preSolution
		Debug|Any CPU = Debug|Any CPU
		Release|Any CPU = Release|Any CPU
	EndGlobalSection
	GlobalSection(ProjectConfigurationPlatforms) = postSolution
		{A609C8EF-66AE-4210-850B-AAAD0888B81C}.Debug|Any CPU.ActiveCfg = Debug|Any CPU
		{A609C8EF-66AE-4210-850B-AAAD0888B81C}.Debug|Any CPU.Build.0 = Debug|Any CPU
		{A609C8EF-66AE-4210-850B-AAAD0888B81C}.Release|Any CPU.ActiveCfg = Release|Any CPU
		{A609C8EF-66AE-4210-850B-AAAD0888B81C}.Release|Any CPU.Build.0 = Release|Any CPU
	EndGlobalSection
	GlobalSection(SolutionProperties) = preSolution
		HideSolutionNode = FALSE
	EndGlobalSection
	GlobalSection(ExtensibilityGlobals) = postSolution
		SolutionGuid = {E644D7FC-7A47-4938-913E-BDF095D83C14}
	EndGlobalSection
EndGlobal
